// !$*UTF8*$!
{
	archiveVersion = 1;
	classes = {
	};
	objectVersion = 46;
	objects = {

/* Begin PBXBuildFile section */
		A40D73531523F28800A97F0C /* SelectField.m in Sources */ = {isa = PBXBuildFile; fileRef = A40D73521523F28800A97F0C /* SelectField.m */; };
		A40D73631523F95D00A97F0C /* UserField.m in Sources */ = {isa = PBXBuildFile; fileRef = A40D73621523F95D00A97F0C /* UserField.m */; };
		A40D73661523FA5900A97F0C /* DateField.m in Sources */ = {isa = PBXBuildFile; fileRef = A40D73651523FA5900A97F0C /* DateField.m */; };
		A40D73691523FAB800A97F0C /* WordField.m in Sources */ = {isa = PBXBuildFile; fileRef = A40D73681523FAB800A97F0C /* WordField.m */; };
		A40D736D152411AE00A97F0C /* WordViewController.m in Sources */ = {isa = PBXBuildFile; fileRef = A40D736C152411AE00A97F0C /* WordViewController.m */; };
		A43AFD2115253CAC004817F1 /* DepartmentField.m in Sources */ = {isa = PBXBuildFile; fileRef = A43AFD2015253CAC004817F1 /* DepartmentField.m */; };
		A43AFD2515253CDF004817F1 /* RadioField.m in Sources */ = {isa = PBXBuildFile; fileRef = A43AFD2415253CDF004817F1 /* RadioField.m */; };
		A43AFD2815253F5D004817F1 /* ButtonField.m in Sources */ = {isa = PBXBuildFile; fileRef = A43AFD2715253F5D004817F1 /* ButtonField.m */; };
		A43AFD2B15253F98004817F1 /* AttachmentUploadField.m in Sources */ = {isa = PBXBuildFile; fileRef = A43AFD2A15253F98004817F1 /* AttachmentUploadField.m */; };
		A43EBA40151AD41700B35DAF /* MainViewController.m in Sources */ = {isa = PBXBuildFile; fileRef = A43EBA3F151AD41700B35DAF /* MainViewController.m */; };
		A4453311151B23C400809D9A /* contacts.png in Resources */ = {isa = PBXBuildFile; fileRef = A445330D151B23C400809D9A /* contacts.png */; };
		A4453312151B23C400809D9A /* mainbg.png in Resources */ = {isa = PBXBuildFile; fileRef = A445330E151B23C400809D9A /* mainbg.png */; };
		A4453313151B23C400809D9A /* pendings.png in Resources */ = {isa = PBXBuildFile; fileRef = A445330F151B23C400809D9A /* pendings.png */; };
		A4453314151B23C400809D9A /* weather.png in Resources */ = {isa = PBXBuildFile; fileRef = A4453310151B23C400809D9A /* weather.png */; };
		A45F1ED615200AA900F0F7A9 /* WeatherViewController.m in Sources */ = {isa = PBXBuildFile; fileRef = A45F1ED515200AA900F0F7A9 /* WeatherViewController.m */; };
		A45F1ED915203D1B00F0F7A9 /* Document.m in Sources */ = {isa = PBXBuildFile; fileRef = A45F1ED815203D1B00F0F7A9 /* Document.m */; };
		A45F1EDF1520462700F0F7A9 /* DocumentViewController.m in Sources */ = {isa = PBXBuildFile; fileRef = A45F1EDE1520462700F0F7A9 /* DocumentViewController.m */; };
		A45F1EE11520769F00F0F7A9 /* Icon.png in Resources */ = {isa = PBXBuildFile; fileRef = A45F1EE01520769F00F0F7A9 /* Icon.png */; };
		A4720F17159032A9007A8EF0 /* UIView+findFirstResponser.m in Sources */ = {isa = PBXBuildFile; fileRef = A4720F16159032A9007A8EF0 /* UIView+findFirstResponser.m */; };
		A4823D9815564B5600D36391 /* JSONKit.m in Sources */ = {isa = PBXBuildFile; fileRef = A4823D9715564B5600D36391 /* JSONKit.m */; settings = {COMPILER_FLAGS = "-fno-objc-arc"; }; };
		A49CFB02152D968D0023ECBD /* Icon-Small.png in Resources */ = {isa = PBXBuildFile; fileRef = A49CFAFF152D968D0023ECBD /* Icon-Small.png */; };
		A49CFB03152D968D0023ECBD /* Icon-Small@2x.png in Resources */ = {isa = PBXBuildFile; fileRef = A49CFB00152D968D0023ECBD /* Icon-Small@2x.png */; };
		A49CFB04152D968D0023ECBD /* Icon@2x.png in Resources */ = {isa = PBXBuildFile; fileRef = A49CFB01152D968D0023ECBD /* Icon@2x.png */; };
		A49CFB07152E90020023ECBD /* FlowPathViewController.m in Sources */ = {isa = PBXBuildFile; fileRef = A49CFB06152E90020023ECBD /* FlowPathViewController.m */; };
		A49CFB0A152EBEFD0023ECBD /* DetailFlowUsersViewController.m in Sources */ = {isa = PBXBuildFile; fileRef = A49CFB09152EBEFD0023ECBD /* DetailFlowUsersViewController.m */; };
		A49CFB0D15306B9B0023ECBD /* CheckboxField.m in Sources */ = {isa = PBXBuildFile; fileRef = A49CFB0C15306B9B0023ECBD /* CheckboxField.m */; };
		A4C830E81519AA79009C2C0D /* ASIAuthenticationDialog.m in Sources */ = {isa = PBXBuildFile; fileRef = A4C830D51519AA79009C2C0D /* ASIAuthenticationDialog.m */; settings = {COMPILER_FLAGS = "-fno-objc-arc"; }; };
		A4C830E91519AA79009C2C0D /* ASIDataCompressor.m in Sources */ = {isa = PBXBuildFile; fileRef = A4C830D81519AA79009C2C0D /* ASIDataCompressor.m */; settings = {COMPILER_FLAGS = "-fno-objc-arc"; }; };
		A4C830EA1519AA79009C2C0D /* ASIDataDecompressor.m in Sources */ = {isa = PBXBuildFile; fileRef = A4C830DA1519AA79009C2C0D /* ASIDataDecompressor.m */; settings = {COMPILER_FLAGS = "-fno-objc-arc"; }; };
		A4C830EB1519AA79009C2C0D /* ASIDownloadCache.m in Sources */ = {isa = PBXBuildFile; fileRef = A4C830DC1519AA79009C2C0D /* ASIDownloadCache.m */; settings = {COMPILER_FLAGS = "-fno-objc-arc"; }; };
		A4C830EC1519AA79009C2C0D /* ASIFormDataRequest.m in Sources */ = {isa = PBXBuildFile; fileRef = A4C830DE1519AA79009C2C0D /* ASIFormDataRequest.m */; settings = {COMPILER_FLAGS = "-fno-objc-arc"; }; };
		A4C830ED1519AA79009C2C0D /* ASIHTTPRequest.m in Sources */ = {isa = PBXBuildFile; fileRef = A4C830E01519AA79009C2C0D /* ASIHTTPRequest.m */; settings = {COMPILER_FLAGS = "-fno-objc-arc"; }; };
		A4C830EE1519AA79009C2C0D /* ASIInputStream.m in Sources */ = {isa = PBXBuildFile; fileRef = A4C830E41519AA79009C2C0D /* ASIInputStream.m */; settings = {COMPILER_FLAGS = "-fno-objc-arc"; }; };
		A4C830EF1519AA79009C2C0D /* ASINetworkQueue.m in Sources */ = {isa = PBXBuildFile; fileRef = A4C830E61519AA79009C2C0D /* ASINetworkQueue.m */; settings = {COMPILER_FLAGS = "-fno-objc-arc"; }; };
		A4C830F21519AAF9009C2C0D /* Reachability.m in Sources */ = {isa = PBXBuildFile; fileRef = A4C830F11519AAF9009C2C0D /* Reachability.m */; settings = {COMPILER_FLAGS = "-fno-objc-arc"; }; };
		A4C830F41519AB1E009C2C0D /* CFNetwork.framework in Frameworks */ = {isa = PBXBuildFile; fileRef = A4C830F31519AB1E009C2C0D /* CFNetwork.framework */; settings = {ATTRIBUTES = (Required, ); }; };
		A4C830F61519AB48009C2C0D /* SystemConfiguration.framework in Frameworks */ = {isa = PBXBuildFile; fileRef = A4C830F51519AB48009C2C0D /* SystemConfiguration.framework */; settings = {ATTRIBUTES = (Required, ); }; };
		A4C830F81519AB56009C2C0D /* MobileCoreServices.framework in Frameworks */ = {isa = PBXBuildFile; fileRef = A4C830F71519AB56009C2C0D /* MobileCoreServices.framework */; settings = {ATTRIBUTES = (Required, ); }; };
		A4C830FA1519AB6D009C2C0D /* libz.dylib in Frameworks */ = {isa = PBXBuildFile; fileRef = A4C830F91519AB6D009C2C0D /* libz.dylib */; settings = {ATTRIBUTES = (Required, ); }; };
		A4C831251519BD84009C2C0D /* OAAPI.m in Sources */ = {isa = PBXBuildFile; fileRef = A4C831241519BD84009C2C0D /* OAAPI.m */; };
		A4CD45F4151BFE62005BB51D /* User.m in Sources */ = {isa = PBXBuildFile; fileRef = A4CD45F3151BFE62005BB51D /* User.m */; };
		A4CD45FA151C694F005BB51D /* PendingListViewController.m in Sources */ = {isa = PBXBuildFile; fileRef = A4CD45F9151C694E005BB51D /* PendingListViewController.m */; };
		A4CD45FD151C76F9005BB51D /* Application.m in Sources */ = {isa = PBXBuildFile; fileRef = A4CD45FC151C76F9005BB51D /* Application.m */; };
		A4D128EF15180E5800A5AC80 /* UIKit.framework in Frameworks */ = {isa = PBXBuildFile; fileRef = A4D128EE15180E5800A5AC80 /* UIKit.framework */; settings = {ATTRIBUTES = (Required, ); }; };
		A4D128F115180E5800A5AC80 /* Foundation.framework in Frameworks */ = {isa = PBXBuildFile; fileRef = A4D128F015180E5800A5AC80 /* Foundation.framework */; settings = {ATTRIBUTES = (Required, ); }; };
		A4D128F315180E5800A5AC80 /* CoreGraphics.framework in Frameworks */ = {isa = PBXBuildFile; fileRef = A4D128F215180E5800A5AC80 /* CoreGraphics.framework */; settings = {ATTRIBUTES = (Required, ); }; };
		A4D128FB15180E5800A5AC80 /* main.m in Sources */ = {isa = PBXBuildFile; fileRef = A4D128FA15180E5800A5AC80 /* main.m */; };
		A4D128FF15180E5800A5AC80 /* AppDelegate.m in Sources */ = {isa = PBXBuildFile; fileRef = A4D128FE15180E5800A5AC80 /* AppDelegate.m */; };
		A4D129071518111F00A5AC80 /* LoginViewController.m in Sources */ = {isa = PBXBuildFile; fileRef = A4D129061518111F00A5AC80 /* LoginViewController.m */; };
		A4E5C36D152087FB002BEC66 /* iTunesArtwork in Resources */ = {isa = PBXBuildFile; fileRef = A4E5C36C152087FB002BEC66 /* iTunesArtwork */; };
		A4E5C37015214F62002BEC66 /* String.m in Sources */ = {isa = PBXBuildFile; fileRef = A4E5C36F15214F62002BEC66 /* String.m */; };
		A4E5C3741522B194002BEC66 /* InputField.m in Sources */ = {isa = PBXBuildFile; fileRef = A4E5C3731522B194002BEC66 /* InputField.m */; };
		A4E5C37715231204002BEC66 /* TextareaField.m in Sources */ = {isa = PBXBuildFile; fileRef = A4E5C37615231204002BEC66 /* TextareaField.m */; };
		A4EBEF2F1548E74D006E94E4 /* Default@2x.png in Resources */ = {isa = PBXBuildFile; fileRef = A4EBEF2A1548E74D006E94E4 /* Default@2x.png */; };
		A4EBEF301548E74D006E94E4 /* loginBG.png in Resources */ = {isa = PBXBuildFile; fileRef = A4EBEF2B1548E74D006E94E4 /* loginBG.png */; };
		A4EBEF311548E74D006E94E4 /* loginBG@2x.png in Resources */ = {isa = PBXBuildFile; fileRef = A4EBEF2C1548E74D006E94E4 /* loginBG@2x.png */; };
		A4EBEF321548E74D006E94E4 /* mainBG@2x.png in Resources */ = {isa = PBXBuildFile; fileRef = A4EBEF2D1548E74D006E94E4 /* mainBG@2x.png */; };
		A4EBEF341548E768006E94E4 /* Default.png in Resources */ = {isa = PBXBuildFile; fileRef = A4EBEF331548E768006E94E4 /* Default.png */; };
		A4F5B957151E06FA00D1D706 /* Pending.m in Sources */ = {isa = PBXBuildFile; fileRef = A4F5B956151E06FA00D1D706 /* Pending.m */; };
		A4F5B961151EC64500D1D706 /* ContactsViewController.m in Sources */ = {isa = PBXBuildFile; fileRef = A4F5B960151EC64400D1D706 /* ContactsViewController.m */; };
		A4F5B964151F140800D1D706 /* Contact.m in Sources */ = {isa = PBXBuildFile; fileRef = A4F5B963151F140700D1D706 /* Contact.m */; };
		A4F5B966151F2C1500D1D706 /* phone.png in Resources */ = {isa = PBXBuildFile; fileRef = A4F5B965151F2C1500D1D706 /* phone.png */; };
		A4F5B96B151F48F500D1D706 /* AddressBook.framework in Frameworks */ = {isa = PBXBuildFile; fileRef = A4F5B96A151F48F500D1D706 /* AddressBook.framework */; settings = {ATTRIBUTES = (Required, ); }; };
		A4F5B970151FF17600D1D706 /* Weather.m in Sources */ = {isa = PBXBuildFile; fileRef = A4F5B96F151FF17500D1D706 /* Weather.m */; };
		A4F5B97A151FF5CB00D1D706 /* ContactDetailViewController.m in Sources */ = {isa = PBXBuildFile; fileRef = A4F5B979151FF5CB00D1D706 /* ContactDetailViewController.m */; };
/* End PBXBuildFile section */

/* Begin PBXFileReference section */
		A40D73511523F28800A97F0C /* SelectField.h */ = {isa = PBXFileReference; fileEncoding = 4; lastKnownFileType = sourcecode.c.h; name = SelectField.h; path = Classes/SelectField.h; sourceTree = "<group>"; };
		A40D73521523F28800A97F0C /* SelectField.m */ = {isa = PBXFileReference; fileEncoding = 4; lastKnownFileType = sourcecode.c.objc; name = SelectField.m; path = Classes/SelectField.m; sourceTree = "<group>"; };
		A40D73611523F95D00A97F0C /* UserField.h */ = {isa = PBXFileReference; fileEncoding = 4; lastKnownFileType = sourcecode.c.h; name = UserField.h; path = Classes/UserField.h; sourceTree = "<group>"; };
		A40D73621523F95D00A97F0C /* UserField.m */ = {isa = PBXFileReference; fileEncoding = 4; lastKnownFileType = sourcecode.c.objc; name = UserField.m; path = Classes/UserField.m; sourceTree = "<group>"; };
		A40D73641523FA5900A97F0C /* DateField.h */ = {isa = PBXFileReference; fileEncoding = 4; lastKnownFileType = sourcecode.c.h; name = DateField.h; path = Classes/DateField.h; sourceTree = "<group>"; };
		A40D73651523FA5900A97F0C /* DateField.m */ = {isa = PBXFileReference; fileEncoding = 4; lastKnownFileType = sourcecode.c.objc; name = DateField.m; path = Classes/DateField.m; sourceTree = "<group>"; };
		A40D73671523FAB800A97F0C /* WordField.h */ = {isa = PBXFileReference; fileEncoding = 4; lastKnownFileType = sourcecode.c.h; name = WordField.h; path = Classes/WordField.h; sourceTree = "<group>"; };
		A40D73681523FAB800A97F0C /* WordField.m */ = {isa = PBXFileReference; fileEncoding = 4; lastKnownFileType = sourcecode.c.objc; name = WordField.m; path = Classes/WordField.m; sourceTree = "<group>"; };
		A40D736B152411AE00A97F0C /* WordViewController.h */ = {isa = PBXFileReference; fileEncoding = 4; lastKnownFileType = sourcecode.c.h; name = WordViewController.h; path = Classes/WordViewController.h; sourceTree = "<group>"; };
		A40D736C152411AE00A97F0C /* WordViewController.m */ = {isa = PBXFileReference; fileEncoding = 4; lastKnownFileType = sourcecode.c.objc; name = WordViewController.m; path = Classes/WordViewController.m; sourceTree = "<group>"; };
		A43AFD1F15253CAC004817F1 /* DepartmentField.h */ = {isa = PBXFileReference; fileEncoding = 4; lastKnownFileType = sourcecode.c.h; name = DepartmentField.h; path = Classes/DepartmentField.h; sourceTree = "<group>"; };
		A43AFD2015253CAC004817F1 /* DepartmentField.m */ = {isa = PBXFileReference; fileEncoding = 4; lastKnownFileType = sourcecode.c.objc; name = DepartmentField.m; path = Classes/DepartmentField.m; sourceTree = "<group>"; };
		A43AFD2315253CDF004817F1 /* RadioField.h */ = {isa = PBXFileReference; fileEncoding = 4; lastKnownFileType = sourcecode.c.h; name = RadioField.h; path = Classes/RadioField.h; sourceTree = "<group>"; };
		A43AFD2415253CDF004817F1 /* RadioField.m */ = {isa = PBXFileReference; fileEncoding = 4; lastKnownFileType = sourcecode.c.objc; name = RadioField.m; path = Classes/RadioField.m; sourceTree = "<group>"; };
		A43AFD2615253F5D004817F1 /* ButtonField.h */ = {isa = PBXFileReference; fileEncoding = 4; lastKnownFileType = sourcecode.c.h; name = ButtonField.h; path = Classes/ButtonField.h; sourceTree = "<group>"; };
		A43AFD2715253F5D004817F1 /* ButtonField.m */ = {isa = PBXFileReference; fileEncoding = 4; lastKnownFileType = sourcecode.c.objc; name = ButtonField.m; path = Classes/ButtonField.m; sourceTree = "<group>"; };
		A43AFD2915253F98004817F1 /* AttachmentUploadField.h */ = {isa = PBXFileReference; fileEncoding = 4; lastKnownFileType = sourcecode.c.h; name = AttachmentUploadField.h; path = Classes/AttachmentUploadField.h; sourceTree = "<group>"; };
		A43AFD2A15253F98004817F1 /* AttachmentUploadField.m */ = {isa = PBXFileReference; fileEncoding = 4; lastKnownFileType = sourcecode.c.objc; name = AttachmentUploadField.m; path = Classes/AttachmentUploadField.m; sourceTree = "<group>"; };
		A43EBA3E151AD41700B35DAF /* MainViewController.h */ = {isa = PBXFileReference; fileEncoding = 4; lastKnownFileType = sourcecode.c.h; name = MainViewController.h; path = Classes/MainViewController.h; sourceTree = "<group>"; };
		A43EBA3F151AD41700B35DAF /* MainViewController.m */ = {isa = PBXFileReference; fileEncoding = 4; lastKnownFileType = sourcecode.c.objc; name = MainViewController.m; path = Classes/MainViewController.m; sourceTree = "<group>"; };
		A445330D151B23C400809D9A /* contacts.png */ = {isa = PBXFileReference; lastKnownFileType = image.png; name = contacts.png; path = Resources/contacts.png; sourceTree = "<group>"; };
		A445330E151B23C400809D9A /* mainbg.png */ = {isa = PBXFileReference; lastKnownFileType = image.png; name = mainbg.png; path = Resources/mainbg.png; sourceTree = "<group>"; };
		A445330F151B23C400809D9A /* pendings.png */ = {isa = PBXFileReference; lastKnownFileType = image.png; name = pendings.png; path = Resources/pendings.png; sourceTree = "<group>"; };
		A4453310151B23C400809D9A /* weather.png */ = {isa = PBXFileReference; lastKnownFileType = image.png; name = weather.png; path = Resources/weather.png; sourceTree = "<group>"; };
		A45F1ED415200AA900F0F7A9 /* WeatherViewController.h */ = {isa = PBXFileReference; fileEncoding = 4; lastKnownFileType = sourcecode.c.h; name = WeatherViewController.h; path = Classes/WeatherViewController.h; sourceTree = "<group>"; };
		A45F1ED515200AA900F0F7A9 /* WeatherViewController.m */ = {isa = PBXFileReference; fileEncoding = 4; lastKnownFileType = sourcecode.c.objc; name = WeatherViewController.m; path = Classes/WeatherViewController.m; sourceTree = "<group>"; };
		A45F1ED715203D1B00F0F7A9 /* Document.h */ = {isa = PBXFileReference; fileEncoding = 4; lastKnownFileType = sourcecode.c.h; lineEnding = 0; name = Document.h; path = Classes/Document.h; sourceTree = "<group>"; xcLanguageSpecificationIdentifier = xcode.lang.objcpp; };
		A45F1ED815203D1B00F0F7A9 /* Document.m */ = {isa = PBXFileReference; fileEncoding = 4; lastKnownFileType = sourcecode.c.objc; name = Document.m; path = Classes/Document.m; sourceTree = "<group>"; };
		A45F1EDD1520462700F0F7A9 /* DocumentViewController.h */ = {isa = PBXFileReference; fileEncoding = 4; lastKnownFileType = sourcecode.c.h; name = DocumentViewController.h; path = Classes/DocumentViewController.h; sourceTree = "<group>"; };
		A45F1EDE1520462700F0F7A9 /* DocumentViewController.m */ = {isa = PBXFileReference; fileEncoding = 4; lastKnownFileType = sourcecode.c.objc; lineEnding = 0; name = DocumentViewController.m; path = Classes/DocumentViewController.m; sourceTree = "<group>"; xcLanguageSpecificationIdentifier = xcode.lang.objc; };
		A45F1EE01520769F00F0F7A9 /* Icon.png */ = {isa = PBXFileReference; lastKnownFileType = image.png; name = Icon.png; path = Resources/Icon.png; sourceTree = "<group>"; };
		A4720F15159032A9007A8EF0 /* UIView+findFirstResponser.h */ = {isa = PBXFileReference; fileEncoding = 4; lastKnownFileType = sourcecode.c.h; name = "UIView+findFirstResponser.h"; path = "Classes/UIView+findFirstResponser.h"; sourceTree = "<group>"; };
		A4720F16159032A9007A8EF0 /* UIView+findFirstResponser.m */ = {isa = PBXFileReference; fileEncoding = 4; lastKnownFileType = sourcecode.c.objc; name = "UIView+findFirstResponser.m"; path = "Classes/UIView+findFirstResponser.m"; sourceTree = "<group>"; };
		A4823D9615564B5600D36391 /* JSONKit.h */ = {isa = PBXFileReference; fileEncoding = 4; lastKnownFileType = sourcecode.c.h; lineEnding = 0; name = JSONKit.h; path = Library/JSONkit/JSONKit.h; sourceTree = "<group>"; xcLanguageSpecificationIdentifier = xcode.lang.objcpp; };
		A4823D9715564B5600D36391 /* JSONKit.m */ = {isa = PBXFileReference; fileEncoding = 4; lastKnownFileType = sourcecode.c.objc; name = JSONKit.m; path = Library/JSONkit/JSONKit.m; sourceTree = "<group>"; };
		A49CFAFF152D968D0023ECBD /* Icon-Small.png */ = {isa = PBXFileReference; lastKnownFileType = image.png; name = "Icon-Small.png"; path = "Resources/Icon-Small.png"; sourceTree = "<group>"; };
		A49CFB00152D968D0023ECBD /* Icon-Small@2x.png */ = {isa = PBXFileReference; lastKnownFileType = image.png; name = "Icon-Small@2x.png"; path = "Resources/Icon-Small@2x.png"; sourceTree = "<group>"; };
		A49CFB01152D968D0023ECBD /* Icon@2x.png */ = {isa = PBXFileReference; lastKnownFileType = image.png; name = "Icon@2x.png"; path = "Resources/Icon@2x.png"; sourceTree = "<group>"; };
		A49CFB05152E90020023ECBD /* FlowPathViewController.h */ = {isa = PBXFileReference; fileEncoding = 4; lastKnownFileType = sourcecode.c.h; name = FlowPathViewController.h; path = Classes/FlowPathViewController.h; sourceTree = "<group>"; };
		A49CFB06152E90020023ECBD /* FlowPathViewController.m */ = {isa = PBXFileReference; fileEncoding = 4; lastKnownFileType = sourcecode.c.objc; name = FlowPathViewController.m; path = Classes/FlowPathViewController.m; sourceTree = "<group>"; };
		A49CFB08152EBEFD0023ECBD /* DetailFlowUsersViewController.h */ = {isa = PBXFileReference; fileEncoding = 4; lastKnownFileType = sourcecode.c.h; name = DetailFlowUsersViewController.h; path = Classes/DetailFlowUsersViewController.h; sourceTree = "<group>"; };
		A49CFB09152EBEFD0023ECBD /* DetailFlowUsersViewController.m */ = {isa = PBXFileReference; fileEncoding = 4; lastKnownFileType = sourcecode.c.objc; name = DetailFlowUsersViewController.m; path = Classes/DetailFlowUsersViewController.m; sourceTree = "<group>"; };
		A49CFB0B15306B9A0023ECBD /* CheckboxField.h */ = {isa = PBXFileReference; fileEncoding = 4; lastKnownFileType = sourcecode.c.h; name = CheckboxField.h; path = Classes/CheckboxField.h; sourceTree = "<group>"; };
		A49CFB0C15306B9B0023ECBD /* CheckboxField.m */ = {isa = PBXFileReference; fileEncoding = 4; lastKnownFileType = sourcecode.c.objc; name = CheckboxField.m; path = Classes/CheckboxField.m; sourceTree = "<group>"; };
		A4C830D41519AA79009C2C0D /* ASIAuthenticationDialog.h */ = {isa = PBXFileReference; fileEncoding = 4; lastKnownFileType = sourcecode.c.h; lineEnding = 0; name = ASIAuthenticationDialog.h; path = Library/ASIHTTPRequest/ASIAuthenticationDialog.h; sourceTree = "<group>"; xcLanguageSpecificationIdentifier = xcode.lang.objcpp; };
		A4C830D51519AA79009C2C0D /* ASIAuthenticationDialog.m */ = {isa = PBXFileReference; fileEncoding = 4; lastKnownFileType = sourcecode.c.objc; lineEnding = 0; name = ASIAuthenticationDialog.m; path = Library/ASIHTTPRequest/ASIAuthenticationDialog.m; sourceTree = "<group>"; xcLanguageSpecificationIdentifier = xcode.lang.objc; };
		A4C830D61519AA79009C2C0D /* ASICacheDelegate.h */ = {isa = PBXFileReference; fileEncoding = 4; lastKnownFileType = sourcecode.c.h; name = ASICacheDelegate.h; path = Library/ASIHTTPRequest/ASICacheDelegate.h; sourceTree = "<group>"; };
		A4C830D71519AA79009C2C0D /* ASIDataCompressor.h */ = {isa = PBXFileReference; fileEncoding = 4; lastKnownFileType = sourcecode.c.h; lineEnding = 0; name = ASIDataCompressor.h; path = Library/ASIHTTPRequest/ASIDataCompressor.h; sourceTree = "<group>"; xcLanguageSpecificationIdentifier = xcode.lang.objcpp; };
		A4C830D81519AA79009C2C0D /* ASIDataCompressor.m */ = {isa = PBXFileReference; fileEncoding = 4; lastKnownFileType = sourcecode.c.objc; name = ASIDataCompressor.m; path = Library/ASIHTTPRequest/ASIDataCompressor.m; sourceTree = "<group>"; };
		A4C830D91519AA79009C2C0D /* ASIDataDecompressor.h */ = {isa = PBXFileReference; fileEncoding = 4; lastKnownFileType = sourcecode.c.h; lineEnding = 0; name = ASIDataDecompressor.h; path = Library/ASIHTTPRequest/ASIDataDecompressor.h; sourceTree = "<group>"; xcLanguageSpecificationIdentifier = xcode.lang.objcpp; };
		A4C830DA1519AA79009C2C0D /* ASIDataDecompressor.m */ = {isa = PBXFileReference; fileEncoding = 4; lastKnownFileType = sourcecode.c.objc; name = ASIDataDecompressor.m; path = Library/ASIHTTPRequest/ASIDataDecompressor.m; sourceTree = "<group>"; };
		A4C830DB1519AA79009C2C0D /* ASIDownloadCache.h */ = {isa = PBXFileReference; fileEncoding = 4; lastKnownFileType = sourcecode.c.h; lineEnding = 0; name = ASIDownloadCache.h; path = Library/ASIHTTPRequest/ASIDownloadCache.h; sourceTree = "<group>"; xcLanguageSpecificationIdentifier = xcode.lang.objcpp; };
		A4C830DC1519AA79009C2C0D /* ASIDownloadCache.m */ = {isa = PBXFileReference; fileEncoding = 4; lastKnownFileType = sourcecode.c.objc; name = ASIDownloadCache.m; path = Library/ASIHTTPRequest/ASIDownloadCache.m; sourceTree = "<group>"; };
		A4C830DD1519AA79009C2C0D /* ASIFormDataRequest.h */ = {isa = PBXFileReference; fileEncoding = 4; lastKnownFileType = sourcecode.c.h; lineEnding = 0; name = ASIFormDataRequest.h; path = Library/ASIHTTPRequest/ASIFormDataRequest.h; sourceTree = "<group>"; xcLanguageSpecificationIdentifier = xcode.lang.objcpp; };
		A4C830DE1519AA79009C2C0D /* ASIFormDataRequest.m */ = {isa = PBXFileReference; fileEncoding = 4; lastKnownFileType = sourcecode.c.objc; lineEnding = 0; name = ASIFormDataRequest.m; path = Library/ASIHTTPRequest/ASIFormDataRequest.m; sourceTree = "<group>"; xcLanguageSpecificationIdentifier = xcode.lang.objc; };
		A4C830DF1519AA79009C2C0D /* ASIHTTPRequest.h */ = {isa = PBXFileReference; fileEncoding = 4; lastKnownFileType = sourcecode.c.h; lineEnding = 0; name = ASIHTTPRequest.h; path = Library/ASIHTTPRequest/ASIHTTPRequest.h; sourceTree = "<group>"; xcLanguageSpecificationIdentifier = xcode.lang.objcpp; };
		A4C830E01519AA79009C2C0D /* ASIHTTPRequest.m */ = {isa = PBXFileReference; fileEncoding = 4; lastKnownFileType = sourcecode.c.objc; lineEnding = 0; name = ASIHTTPRequest.m; path = Library/ASIHTTPRequest/ASIHTTPRequest.m; sourceTree = "<group>"; xcLanguageSpecificationIdentifier = xcode.lang.objc; };
		A4C830E11519AA79009C2C0D /* ASIHTTPRequestConfig.h */ = {isa = PBXFileReference; fileEncoding = 4; lastKnownFileType = sourcecode.c.h; name = ASIHTTPRequestConfig.h; path = Library/ASIHTTPRequest/ASIHTTPRequestConfig.h; sourceTree = "<group>"; };
		A4C830E21519AA79009C2C0D /* ASIHTTPRequestDelegate.h */ = {isa = PBXFileReference; fileEncoding = 4; lastKnownFileType = sourcecode.c.h; name = ASIHTTPRequestDelegate.h; path = Library/ASIHTTPRequest/ASIHTTPRequestDelegate.h; sourceTree = "<group>"; };
		A4C830E31519AA79009C2C0D /* ASIInputStream.h */ = {isa = PBXFileReference; fileEncoding = 4; lastKnownFileType = sourcecode.c.h; lineEnding = 0; name = ASIInputStream.h; path = Library/ASIHTTPRequest/ASIInputStream.h; sourceTree = "<group>"; xcLanguageSpecificationIdentifier = xcode.lang.objcpp; };
		A4C830E41519AA79009C2C0D /* ASIInputStream.m */ = {isa = PBXFileReference; fileEncoding = 4; lastKnownFileType = sourcecode.c.objc; name = ASIInputStream.m; path = Library/ASIHTTPRequest/ASIInputStream.m; sourceTree = "<group>"; };
		A4C830E51519AA79009C2C0D /* ASINetworkQueue.h */ = {isa = PBXFileReference; fileEncoding = 4; lastKnownFileType = sourcecode.c.h; lineEnding = 0; name = ASINetworkQueue.h; path = Library/ASIHTTPRequest/ASINetworkQueue.h; sourceTree = "<group>"; xcLanguageSpecificationIdentifier = xcode.lang.objcpp; };
		A4C830E61519AA79009C2C0D /* ASINetworkQueue.m */ = {isa = PBXFileReference; fileEncoding = 4; lastKnownFileType = sourcecode.c.objc; name = ASINetworkQueue.m; path = Library/ASIHTTPRequest/ASINetworkQueue.m; sourceTree = "<group>"; };
		A4C830E71519AA79009C2C0D /* ASIProgressDelegate.h */ = {isa = PBXFileReference; fileEncoding = 4; lastKnownFileType = sourcecode.c.h; name = ASIProgressDelegate.h; path = Library/ASIHTTPRequest/ASIProgressDelegate.h; sourceTree = "<group>"; };
		A4C830F01519AAF9009C2C0D /* Reachability.h */ = {isa = PBXFileReference; fileEncoding = 4; lastKnownFileType = sourcecode.c.h; lineEnding = 0; name = Reachability.h; path = Library/ASIHTTPRequest/Reachability.h; sourceTree = "<group>"; xcLanguageSpecificationIdentifier = xcode.lang.objcpp; };
		A4C830F11519AAF9009C2C0D /* Reachability.m */ = {isa = PBXFileReference; fileEncoding = 4; lastKnownFileType = sourcecode.c.objc; name = Reachability.m; path = Library/ASIHTTPRequest/Reachability.m; sourceTree = "<group>"; };
		A4C830F31519AB1E009C2C0D /* CFNetwork.framework */ = {isa = PBXFileReference; lastKnownFileType = wrapper.framework; name = CFNetwork.framework; path = System/Library/Frameworks/CFNetwork.framework; sourceTree = SDKROOT; };
		A4C830F51519AB48009C2C0D /* SystemConfiguration.framework */ = {isa = PBXFileReference; lastKnownFileType = wrapper.framework; name = SystemConfiguration.framework; path = System/Library/Frameworks/SystemConfiguration.framework; sourceTree = SDKROOT; };
		A4C830F71519AB56009C2C0D /* MobileCoreServices.framework */ = {isa = PBXFileReference; lastKnownFileType = wrapper.framework; name = MobileCoreServices.framework; path = System/Library/Frameworks/MobileCoreServices.framework; sourceTree = SDKROOT; };
		A4C830F91519AB6D009C2C0D /* libz.dylib */ = {isa = PBXFileReference; lastKnownFileType = "compiled.mach-o.dylib"; name = libz.dylib; path = usr/lib/libz.dylib; sourceTree = SDKROOT; };
		A4C831231519BD84009C2C0D /* OAAPI.h */ = {isa = PBXFileReference; fileEncoding = 4; lastKnownFileType = sourcecode.c.h; name = OAAPI.h; path = Classes/OAAPI.h; sourceTree = "<group>"; };
		A4C831241519BD84009C2C0D /* OAAPI.m */ = {isa = PBXFileReference; fileEncoding = 4; lastKnownFileType = sourcecode.c.objc; name = OAAPI.m; path = Classes/OAAPI.m; sourceTree = "<group>"; };
		A4CD45F2151BFE62005BB51D /* User.h */ = {isa = PBXFileReference; fileEncoding = 4; lastKnownFileType = sourcecode.c.h; name = User.h; path = Classes/User.h; sourceTree = "<group>"; };
		A4CD45F3151BFE62005BB51D /* User.m */ = {isa = PBXFileReference; fileEncoding = 4; lastKnownFileType = sourcecode.c.objc; name = User.m; path = Classes/User.m; sourceTree = "<group>"; };
		A4CD45F8151C694E005BB51D /* PendingListViewController.h */ = {isa = PBXFileReference; fileEncoding = 4; lastKnownFileType = sourcecode.c.h; lineEnding = 0; name = PendingListViewController.h; path = Classes/PendingListViewController.h; sourceTree = "<group>"; xcLanguageSpecificationIdentifier = xcode.lang.objcpp; };
		A4CD45F9151C694E005BB51D /* PendingListViewController.m */ = {isa = PBXFileReference; fileEncoding = 4; lastKnownFileType = sourcecode.c.objc; name = PendingListViewController.m; path = Classes/PendingListViewController.m; sourceTree = "<group>"; };
		A4CD45FB151C76F9005BB51D /* Application.h */ = {isa = PBXFileReference; fileEncoding = 4; lastKnownFileType = sourcecode.c.h; lineEnding = 0; name = Application.h; path = Classes/Application.h; sourceTree = "<group>"; xcLanguageSpecificationIdentifier = xcode.lang.objcpp; };
		A4CD45FC151C76F9005BB51D /* Application.m */ = {isa = PBXFileReference; fileEncoding = 4; lastKnownFileType = sourcecode.c.objc; name = Application.m; path = Classes/Application.m; sourceTree = "<group>"; };
		A4D128EA15180E5800A5AC80 /* Hades.app */ = {isa = PBXFileReference; explicitFileType = wrapper.application; includeInIndex = 0; path = Hades.app; sourceTree = BUILT_PRODUCTS_DIR; };
		A4D128EE15180E5800A5AC80 /* UIKit.framework */ = {isa = PBXFileReference; lastKnownFileType = wrapper.framework; name = UIKit.framework; path = System/Library/Frameworks/UIKit.framework; sourceTree = SDKROOT; };
		A4D128F015180E5800A5AC80 /* Foundation.framework */ = {isa = PBXFileReference; lastKnownFileType = wrapper.framework; name = Foundation.framework; path = System/Library/Frameworks/Foundation.framework; sourceTree = SDKROOT; };
		A4D128F215180E5800A5AC80 /* CoreGraphics.framework */ = {isa = PBXFileReference; lastKnownFileType = wrapper.framework; name = CoreGraphics.framework; path = System/Library/Frameworks/CoreGraphics.framework; sourceTree = SDKROOT; };
		A4D128F615180E5800A5AC80 /* Hades-Info.plist */ = {isa = PBXFileReference; lastKnownFileType = text.plist.xml; path = "Hades-Info.plist"; sourceTree = "<group>"; };
		A4D128FA15180E5800A5AC80 /* main.m */ = {isa = PBXFileReference; lastKnownFileType = sourcecode.c.objc; path = main.m; sourceTree = "<group>"; };
		A4D128FC15180E5800A5AC80 /* Hades-Prefix.pch */ = {isa = PBXFileReference; lastKnownFileType = sourcecode.c.h; path = "Hades-Prefix.pch"; sourceTree = "<group>"; };
		A4D128FD15180E5800A5AC80 /* AppDelegate.h */ = {isa = PBXFileReference; lastKnownFileType = sourcecode.c.h; lineEnding = 0; path = AppDelegate.h; sourceTree = "<group>"; xcLanguageSpecificationIdentifier = xcode.lang.objcpp; };
		A4D128FE15180E5800A5AC80 /* AppDelegate.m */ = {isa = PBXFileReference; lastKnownFileType = sourcecode.c.objc; path = AppDelegate.m; sourceTree = "<group>"; };
		A4D129051518111F00A5AC80 /* LoginViewController.h */ = {isa = PBXFileReference; fileEncoding = 4; lastKnownFileType = sourcecode.c.h; name = LoginViewController.h; path = Classes/LoginViewController.h; sourceTree = "<group>"; };
		A4D129061518111F00A5AC80 /* LoginViewController.m */ = {isa = PBXFileReference; fileEncoding = 4; lastKnownFileType = sourcecode.c.objc; name = LoginViewController.m; path = Classes/LoginViewController.m; sourceTree = "<group>"; };
		A4E5C36C152087FB002BEC66 /* iTunesArtwork */ = {isa = PBXFileReference; lastKnownFileType = file; name = iTunesArtwork; path = Resources/iTunesArtwork; sourceTree = "<group>"; };
		A4E5C36E15214F62002BEC66 /* String.h */ = {isa = PBXFileReference; fileEncoding = 4; lastKnownFileType = sourcecode.c.h; name = String.h; path = Classes/String.h; sourceTree = "<group>"; };
		A4E5C36F15214F62002BEC66 /* String.m */ = {isa = PBXFileReference; fileEncoding = 4; lastKnownFileType = sourcecode.c.objc; name = String.m; path = Classes/String.m; sourceTree = "<group>"; };
		A4E5C3721522B194002BEC66 /* InputField.h */ = {isa = PBXFileReference; fileEncoding = 4; lastKnownFileType = sourcecode.c.h; name = InputField.h; path = Classes/InputField.h; sourceTree = "<group>"; };
		A4E5C3731522B194002BEC66 /* InputField.m */ = {isa = PBXFileReference; fileEncoding = 4; lastKnownFileType = sourcecode.c.objc; name = InputField.m; path = Classes/InputField.m; sourceTree = "<group>"; };
		A4E5C37515231204002BEC66 /* TextareaField.h */ = {isa = PBXFileReference; fileEncoding = 4; lastKnownFileType = sourcecode.c.h; name = TextareaField.h; path = Classes/TextareaField.h; sourceTree = "<group>"; };
		A4E5C37615231204002BEC66 /* TextareaField.m */ = {isa = PBXFileReference; fileEncoding = 4; lastKnownFileType = sourcecode.c.objc; name = TextareaField.m; path = Classes/TextareaField.m; sourceTree = "<group>"; };
		A4EBEF2A1548E74D006E94E4 /* Default@2x.png */ = {isa = PBXFileReference; lastKnownFileType = image.png; name = "Default@2x.png"; path = "Resources/Default@2x.png"; sourceTree = "<group>"; };
		A4EBEF2B1548E74D006E94E4 /* loginBG.png */ = {isa = PBXFileReference; lastKnownFileType = image.png; name = loginBG.png; path = Resources/loginBG.png; sourceTree = "<group>"; };
		A4EBEF2C1548E74D006E94E4 /* loginBG@2x.png */ = {isa = PBXFileReference; lastKnownFileType = image.png; name = "loginBG@2x.png"; path = "Resources/loginBG@2x.png"; sourceTree = "<group>"; };
		A4EBEF2D1548E74D006E94E4 /* mainBG@2x.png */ = {isa = PBXFileReference; lastKnownFileType = image.png; name = "mainBG@2x.png"; path = "Resources/mainBG@2x.png"; sourceTree = "<group>"; };
		A4EBEF331548E768006E94E4 /* Default.png */ = {isa = PBXFileReference; lastKnownFileType = image.png; name = Default.png; path = Resources/Default.png; sourceTree = "<group>"; };
		A4F5B954151D707B00D1D706 /* DataModel.h */ = {isa = PBXFileReference; lastKnownFileType = sourcecode.c.h; name = DataModel.h; path = Classes/DataModel.h; sourceTree = "<group>"; };
		A4F5B955151E06F900D1D706 /* Pending.h */ = {isa = PBXFileReference; fileEncoding = 4; lastKnownFileType = sourcecode.c.h; lineEnding = 0; name = Pending.h; path = Classes/Pending.h; sourceTree = "<group>"; xcLanguageSpecificationIdentifier = xcode.lang.objcpp; };
		A4F5B956151E06FA00D1D706 /* Pending.m */ = {isa = PBXFileReference; fileEncoding = 4; lastKnownFileType = sourcecode.c.objc; name = Pending.m; path = Classes/Pending.m; sourceTree = "<group>"; };
		A4F5B95F151EC64400D1D706 /* ContactsViewController.h */ = {isa = PBXFileReference; fileEncoding = 4; lastKnownFileType = sourcecode.c.h; name = ContactsViewController.h; path = Classes/ContactsViewController.h; sourceTree = "<group>"; };
		A4F5B960151EC64400D1D706 /* ContactsViewController.m */ = {isa = PBXFileReference; fileEncoding = 4; lastKnownFileType = sourcecode.c.objc; name = ContactsViewController.m; path = Classes/ContactsViewController.m; sourceTree = "<group>"; };
		A4F5B962151F140700D1D706 /* Contact.h */ = {isa = PBXFileReference; fileEncoding = 4; lastKnownFileType = sourcecode.c.h; name = Contact.h; path = Classes/Contact.h; sourceTree = "<group>"; };
		A4F5B963151F140700D1D706 /* Contact.m */ = {isa = PBXFileReference; fileEncoding = 4; lastKnownFileType = sourcecode.c.objc; name = Contact.m; path = Classes/Contact.m; sourceTree = "<group>"; };
		A4F5B965151F2C1500D1D706 /* phone.png */ = {isa = PBXFileReference; lastKnownFileType = image.png; name = phone.png; path = Resources/phone.png; sourceTree = "<group>"; };
		A4F5B967151F3FFA00D1D706 /* ContactDetailViewController.h */ = {isa = PBXFileReference; fileEncoding = 4; lastKnownFileType = sourcecode.c.h; name = ContactDetailViewController.h; path = Classes/ContactDetailViewController.h; sourceTree = "<group>"; };
		A4F5B96A151F48F500D1D706 /* AddressBook.framework */ = {isa = PBXFileReference; lastKnownFileType = wrapper.framework; name = AddressBook.framework; path = System/Library/Frameworks/AddressBook.framework; sourceTree = SDKROOT; };
		A4F5B96E151FF17500D1D706 /* Weather.h */ = {isa = PBXFileReference; fileEncoding = 4; lastKnownFileType = sourcecode.c.h; name = Weather.h; path = Classes/Weather.h; sourceTree = "<group>"; };
		A4F5B96F151FF17500D1D706 /* Weather.m */ = {isa = PBXFileReference; fileEncoding = 4; lastKnownFileType = sourcecode.c.objc; name = Weather.m; path = Classes/Weather.m; sourceTree = "<group>"; };
		A4F5B979151FF5CB00D1D706 /* ContactDetailViewController.m */ = {isa = PBXFileReference; fileEncoding = 4; lastKnownFileType = sourcecode.c.objc; name = ContactDetailViewController.m; path = Classes/ContactDetailViewController.m; sourceTree = "<group>"; };
/* End PBXFileReference section */

/* Begin PBXFrameworksBuildPhase section */
		A4D128E715180E5800A5AC80 /* Frameworks */ = {
			isa = PBXFrameworksBuildPhase;
			buildActionMask = 2147483647;
			files = (
				A4C830FA1519AB6D009C2C0D /* libz.dylib in Frameworks */,
				A4F5B96B151F48F500D1D706 /* AddressBook.framework in Frameworks */,
				A4C830F81519AB56009C2C0D /* MobileCoreServices.framework in Frameworks */,
				A4C830F61519AB48009C2C0D /* SystemConfiguration.framework in Frameworks */,
				A4D128F315180E5800A5AC80 /* CoreGraphics.framework in Frameworks */,
				A4C830F41519AB1E009C2C0D /* CFNetwork.framework in Frameworks */,
				A4D128EF15180E5800A5AC80 /* UIKit.framework in Frameworks */,
				A4D128F115180E5800A5AC80 /* Foundation.framework in Frameworks */,
			);
			runOnlyForDeploymentPostprocessing = 0;
		};
/* End PBXFrameworksBuildPhase section */

/* Begin PBXGroup section */
		A44393221518659B00D98439 /* Resources */ = {
			isa = PBXGroup;
			children = (
				A4EBEF331548E768006E94E4 /* Default.png */,
				A4EBEF2A1548E74D006E94E4 /* Default@2x.png */,
				A4EBEF2B1548E74D006E94E4 /* loginBG.png */,
				A4EBEF2C1548E74D006E94E4 /* loginBG@2x.png */,
				A4EBEF2D1548E74D006E94E4 /* mainBG@2x.png */,
				A49CFAFF152D968D0023ECBD /* Icon-Small.png */,
				A49CFB00152D968D0023ECBD /* Icon-Small@2x.png */,
				A49CFB01152D968D0023ECBD /* Icon@2x.png */,
				A4E5C36C152087FB002BEC66 /* iTunesArtwork */,
				A45F1EE01520769F00F0F7A9 /* Icon.png */,
				A4F5B965151F2C1500D1D706 /* phone.png */,
				A445330D151B23C400809D9A /* contacts.png */,
				A445330E151B23C400809D9A /* mainbg.png */,
				A445330F151B23C400809D9A /* pendings.png */,
				A4453310151B23C400809D9A /* weather.png */,
			);
			name = Resources;
			sourceTree = "<group>";
		};
		A4823D9415564B0B00D36391 /* JSONKit */ = {
			isa = PBXGroup;
			children = (
				A4823D9615564B5600D36391 /* JSONKit.h */,
				A4823D9715564B5600D36391 /* JSONKit.m */,
			);
			name = JSONKit;
			sourceTree = "<group>";
		};
		A4C830D21519AA4B009C2C0D /* ASIHTTPRequest */ = {
			isa = PBXGroup;
			children = (
				A4C830F01519AAF9009C2C0D /* Reachability.h */,
				A4C830F11519AAF9009C2C0D /* Reachability.m */,
				A4C830D41519AA79009C2C0D /* ASIAuthenticationDialog.h */,
				A4C830D51519AA79009C2C0D /* ASIAuthenticationDialog.m */,
				A4C830D61519AA79009C2C0D /* ASICacheDelegate.h */,
				A4C830D71519AA79009C2C0D /* ASIDataCompressor.h */,
				A4C830D81519AA79009C2C0D /* ASIDataCompressor.m */,
				A4C830D91519AA79009C2C0D /* ASIDataDecompressor.h */,
				A4C830DA1519AA79009C2C0D /* ASIDataDecompressor.m */,
				A4C830DB1519AA79009C2C0D /* ASIDownloadCache.h */,
				A4C830DC1519AA79009C2C0D /* ASIDownloadCache.m */,
				A4C830DD1519AA79009C2C0D /* ASIFormDataRequest.h */,
				A4C830DE1519AA79009C2C0D /* ASIFormDataRequest.m */,
				A4C830DF1519AA79009C2C0D /* ASIHTTPRequest.h */,
				A4C830E01519AA79009C2C0D /* ASIHTTPRequest.m */,
				A4C830E11519AA79009C2C0D /* ASIHTTPRequestConfig.h */,
				A4C830E21519AA79009C2C0D /* ASIHTTPRequestDelegate.h */,
				A4C830E31519AA79009C2C0D /* ASIInputStream.h */,
				A4C830E41519AA79009C2C0D /* ASIInputStream.m */,
				A4C830E51519AA79009C2C0D /* ASINetworkQueue.h */,
				A4C830E61519AA79009C2C0D /* ASINetworkQueue.m */,
				A4C830E71519AA79009C2C0D /* ASIProgressDelegate.h */,
			);
			name = ASIHTTPRequest;
			sourceTree = "<group>";
		};
		A4C831221519BD42009C2C0D /* OAAPI */ = {
			isa = PBXGroup;
			children = (
				A4C831231519BD84009C2C0D /* OAAPI.h */,
				A4C831241519BD84009C2C0D /* OAAPI.m */,
			);
			name = OAAPI;
			sourceTree = "<group>";
		};
		A4CD45F1151BFDE7005BB51D /* DataModel */ = {
			isa = PBXGroup;
			children = (
				A4F5B954151D707B00D1D706 /* DataModel.h */,
				A4CD45F2151BFE62005BB51D /* User.h */,
				A4CD45F3151BFE62005BB51D /* User.m */,
				A4CD45FB151C76F9005BB51D /* Application.h */,
				A4CD45FC151C76F9005BB51D /* Application.m */,
				A4F5B955151E06F900D1D706 /* Pending.h */,
				A4F5B956151E06FA00D1D706 /* Pending.m */,
				A4F5B962151F140700D1D706 /* Contact.h */,
				A4F5B963151F140700D1D706 /* Contact.m */,
				A4F5B96E151FF17500D1D706 /* Weather.h */,
				A4F5B96F151FF17500D1D706 /* Weather.m */,
				A45F1ED715203D1B00F0F7A9 /* Document.h */,
				A45F1ED815203D1B00F0F7A9 /* Document.m */,
				A4E5C37115216E55002BEC66 /* DocumentField */,
			);
			name = DataModel;
			sourceTree = "<group>";
		};
		A4D128DF15180E5800A5AC80 = {
			isa = PBXGroup;
			children = (
				A4D128F415180E5800A5AC80 /* Hades */,
				A4D128ED15180E5800A5AC80 /* Frameworks */,
				A4D128EB15180E5800A5AC80 /* Products */,
			);
			sourceTree = "<group>";
		};
		A4D128EB15180E5800A5AC80 /* Products */ = {
			isa = PBXGroup;
			children = (
				A4D128EA15180E5800A5AC80 /* Hades.app */,
			);
			name = Products;
			sourceTree = "<group>";
		};
		A4D128ED15180E5800A5AC80 /* Frameworks */ = {
			isa = PBXGroup;
			children = (
				A4C830F91519AB6D009C2C0D /* libz.dylib */,
				A4F5B96A151F48F500D1D706 /* AddressBook.framework */,
				A4C830F71519AB56009C2C0D /* MobileCoreServices.framework */,
				A4C830F51519AB48009C2C0D /* SystemConfiguration.framework */,
				A4C830F31519AB1E009C2C0D /* CFNetwork.framework */,
				A4D128EE15180E5800A5AC80 /* UIKit.framework */,
				A4D128F015180E5800A5AC80 /* Foundation.framework */,
				A4D128F215180E5800A5AC80 /* CoreGraphics.framework */,
			);
			name = Frameworks;
			sourceTree = "<group>";
		};
		A4D128F415180E5800A5AC80 /* Hades */ = {
			isa = PBXGroup;
			children = (
				A4D128FD15180E5800A5AC80 /* AppDelegate.h */,
				A4D128FE15180E5800A5AC80 /* AppDelegate.m */,
				A4D128F515180E5800A5AC80 /* Supporting Files */,
				A4D129081518113000A5AC80 /* Classes */,
				A44393221518659B00D98439 /* Resources */,
			);
			path = Hades;
			sourceTree = "<group>";
		};
		A4D128F515180E5800A5AC80 /* Supporting Files */ = {
			isa = PBXGroup;
			children = (
				A4D128F615180E5800A5AC80 /* Hades-Info.plist */,
				A4D128FA15180E5800A5AC80 /* main.m */,
				A4D128FC15180E5800A5AC80 /* Hades-Prefix.pch */,
			);
			name = "Supporting Files";
			sourceTree = "<group>";
		};
		A4D129081518113000A5AC80 /* Classes */ = {
			isa = PBXGroup;
			children = (
				A4823D9415564B0B00D36391 /* JSONKit */,
				A4C830D21519AA4B009C2C0D /* ASIHTTPRequest */,
				A4C831221519BD42009C2C0D /* OAAPI */,
				A4CD45F1151BFDE7005BB51D /* DataModel */,
				A4D129091518113E00A5AC80 /* Controllers */,
			);
			name = Classes;
			sourceTree = "<group>";
		};
		A4D129091518113E00A5AC80 /* Controllers */ = {
			isa = PBXGroup;
			children = (
				A4720F15159032A9007A8EF0 /* UIView+findFirstResponser.h */,
				A4720F16159032A9007A8EF0 /* UIView+findFirstResponser.m */,
				A43EBA3E151AD41700B35DAF /* MainViewController.h */,
				A43EBA3F151AD41700B35DAF /* MainViewController.m */,
				A4D129051518111F00A5AC80 /* LoginViewController.h */,
				A4D129061518111F00A5AC80 /* LoginViewController.m */,
				A4CD45F8151C694E005BB51D /* PendingListViewController.h */,
				A4CD45F9151C694E005BB51D /* PendingListViewController.m */,
				A4F5B95F151EC64400D1D706 /* ContactsViewController.h */,
				A4F5B960151EC64400D1D706 /* ContactsViewController.m */,
				A4F5B967151F3FFA00D1D706 /* ContactDetailViewController.h */,
				A4F5B979151FF5CB00D1D706 /* ContactDetailViewController.m */,
				A45F1ED415200AA900F0F7A9 /* WeatherViewController.h */,
				A45F1ED515200AA900F0F7A9 /* WeatherViewController.m */,
				A45F1EDD1520462700F0F7A9 /* DocumentViewController.h */,
				A45F1EDE1520462700F0F7A9 /* DocumentViewController.m */,
				A40D736B152411AE00A97F0C /* WordViewController.h */,
				A40D736C152411AE00A97F0C /* WordViewController.m */,
				A49CFB05152E90020023ECBD /* FlowPathViewController.h */,
				A49CFB06152E90020023ECBD /* FlowPathViewController.m */,
				A49CFB08152EBEFD0023ECBD /* DetailFlowUsersViewController.h */,
				A49CFB09152EBEFD0023ECBD /* DetailFlowUsersViewController.m */,
			);
			name = Controllers;
			sourceTree = "<group>";
		};
		A4E5C37115216E55002BEC66 /* DocumentField */ = {
			isa = PBXGroup;
			children = (
				A4E5C36E15214F62002BEC66 /* String.h */,
				A4E5C36F15214F62002BEC66 /* String.m */,
				A4E5C3721522B194002BEC66 /* InputField.h */,
				A4E5C3731522B194002BEC66 /* InputField.m */,
				A4E5C37515231204002BEC66 /* TextareaField.h */,
				A4E5C37615231204002BEC66 /* TextareaField.m */,
				A40D73511523F28800A97F0C /* SelectField.h */,
				A40D73521523F28800A97F0C /* SelectField.m */,
				A40D73611523F95D00A97F0C /* UserField.h */,
				A40D73621523F95D00A97F0C /* UserField.m */,
				A40D73641523FA5900A97F0C /* DateField.h */,
				A40D73651523FA5900A97F0C /* DateField.m */,
				A40D73671523FAB800A97F0C /* WordField.h */,
				A40D73681523FAB800A97F0C /* WordField.m */,
				A43AFD1F15253CAC004817F1 /* DepartmentField.h */,
				A43AFD2015253CAC004817F1 /* DepartmentField.m */,
				A43AFD2315253CDF004817F1 /* RadioField.h */,
				A43AFD2415253CDF004817F1 /* RadioField.m */,
				A43AFD2615253F5D004817F1 /* ButtonField.h */,
				A43AFD2715253F5D004817F1 /* ButtonField.m */,
				A43AFD2915253F98004817F1 /* AttachmentUploadField.h */,
				A43AFD2A15253F98004817F1 /* AttachmentUploadField.m */,
				A49CFB0B15306B9A0023ECBD /* CheckboxField.h */,
				A49CFB0C15306B9B0023ECBD /* CheckboxField.m */,
			);
			name = DocumentField;
			sourceTree = "<group>";
		};
/* End PBXGroup section */

/* Begin PBXNativeTarget section */
		A4D128E915180E5800A5AC80 /* Hades */ = {
			isa = PBXNativeTarget;
			buildConfigurationList = A4D1290215180E5800A5AC80 /* Build configuration list for PBXNativeTarget "Hades" */;
			buildPhases = (
				A4D128E615180E5800A5AC80 /* Sources */,
				A4D128E715180E5800A5AC80 /* Frameworks */,
				A4D128E815180E5800A5AC80 /* Resources */,
			);
			buildRules = (
			);
			dependencies = (
			);
			name = Hades;
			productName = Hades;
			productReference = A4D128EA15180E5800A5AC80 /* Hades.app */;
			productType = "com.apple.product-type.application";
		};
/* End PBXNativeTarget section */

/* Begin PBXProject section */
		A4D128E115180E5800A5AC80 /* Project object */ = {
			isa = PBXProject;
			attributes = {
				LastUpgradeCheck = 0430;
			};
			buildConfigurationList = A4D128E415180E5800A5AC80 /* Build configuration list for PBXProject "Hades" */;
			compatibilityVersion = "Xcode 3.2";
			developmentRegion = English;
			hasScannedForEncodings = 0;
			knownRegions = (
				en,
			);
			mainGroup = A4D128DF15180E5800A5AC80;
			productRefGroup = A4D128EB15180E5800A5AC80 /* Products */;
			projectDirPath = "";
			projectRoot = "";
			targets = (
				A4D128E915180E5800A5AC80 /* Hades */,
			);
		};
/* End PBXProject section */

/* Begin PBXResourcesBuildPhase section */
		A4D128E815180E5800A5AC80 /* Resources */ = {
			isa = PBXResourcesBuildPhase;
			buildActionMask = 2147483647;
			files = (
				A4453311151B23C400809D9A /* contacts.png in Resources */,
				A4453312151B23C400809D9A /* mainbg.png in Resources */,
				A4453313151B23C400809D9A /* pendings.png in Resources */,
				A4453314151B23C400809D9A /* weather.png in Resources */,
				A4F5B966151F2C1500D1D706 /* phone.png in Resources */,
				A45F1EE11520769F00F0F7A9 /* Icon.png in Resources */,
				A4E5C36D152087FB002BEC66 /* iTunesArtwork in Resources */,
				A49CFB02152D968D0023ECBD /* Icon-Small.png in Resources */,
				A49CFB03152D968D0023ECBD /* Icon-Small@2x.png in Resources */,
				A49CFB04152D968D0023ECBD /* Icon@2x.png in Resources */,
				A4EBEF2F1548E74D006E94E4 /* Default@2x.png in Resources */,
				A4EBEF301548E74D006E94E4 /* loginBG.png in Resources */,
				A4EBEF311548E74D006E94E4 /* loginBG@2x.png in Resources */,
				A4EBEF321548E74D006E94E4 /* mainBG@2x.png in Resources */,
				A4EBEF341548E768006E94E4 /* Default.png in Resources */,
			);
			runOnlyForDeploymentPostprocessing = 0;
		};
/* End PBXResourcesBuildPhase section */

/* Begin PBXSourcesBuildPhase section */
		A4D128E615180E5800A5AC80 /* Sources */ = {
			isa = PBXSourcesBuildPhase;
			buildActionMask = 2147483647;
			files = (
				A4D128FB15180E5800A5AC80 /* main.m in Sources */,
				A4D128FF15180E5800A5AC80 /* AppDelegate.m in Sources */,
				A4D129071518111F00A5AC80 /* LoginViewController.m in Sources */,
				A4C831251519BD84009C2C0D /* OAAPI.m in Sources */,
				A43EBA40151AD41700B35DAF /* MainViewController.m in Sources */,
				A4C830E81519AA79009C2C0D /* ASIAuthenticationDialog.m in Sources */,
				A4C830E91519AA79009C2C0D /* ASIDataCompressor.m in Sources */,
				A4C830EA1519AA79009C2C0D /* ASIDataDecompressor.m in Sources */,
				A4C830EB1519AA79009C2C0D /* ASIDownloadCache.m in Sources */,
				A4C830EC1519AA79009C2C0D /* ASIFormDataRequest.m in Sources */,
				A4C830ED1519AA79009C2C0D /* ASIHTTPRequest.m in Sources */,
				A4C830EE1519AA79009C2C0D /* ASIInputStream.m in Sources */,
				A4C830EF1519AA79009C2C0D /* ASINetworkQueue.m in Sources */,
				A4C830F21519AAF9009C2C0D /* Reachability.m in Sources */,
				A4823D9815564B5600D36391 /* JSONKit.m in Sources */,
				A4CD45F4151BFE62005BB51D /* User.m in Sources */,
				A4CD45FA151C694F005BB51D /* PendingListViewController.m in Sources */,
				A4CD45FD151C76F9005BB51D /* Application.m in Sources */,
				A4F5B957151E06FA00D1D706 /* Pending.m in Sources */,
				A4F5B961151EC64500D1D706 /* ContactsViewController.m in Sources */,
				A4F5B964151F140800D1D706 /* Contact.m in Sources */,
				A4F5B970151FF17600D1D706 /* Weather.m in Sources */,
				A4F5B97A151FF5CB00D1D706 /* ContactDetailViewController.m in Sources */,
				A45F1ED615200AA900F0F7A9 /* WeatherViewController.m in Sources */,
				A45F1ED915203D1B00F0F7A9 /* Document.m in Sources */,
				A45F1EDF1520462700F0F7A9 /* DocumentViewController.m in Sources */,
				A4E5C37015214F62002BEC66 /* String.m in Sources */,
				A4E5C3741522B194002BEC66 /* InputField.m in Sources */,
				A4E5C37715231204002BEC66 /* TextareaField.m in Sources */,
				A40D73531523F28800A97F0C /* SelectField.m in Sources */,
				A40D73631523F95D00A97F0C /* UserField.m in Sources */,
				A40D73661523FA5900A97F0C /* DateField.m in Sources */,
				A40D73691523FAB800A97F0C /* WordField.m in Sources */,
				A40D736D152411AE00A97F0C /* WordViewController.m in Sources */,
				A43AFD2115253CAC004817F1 /* DepartmentField.m in Sources */,
				A43AFD2515253CDF004817F1 /* RadioField.m in Sources */,
				A43AFD2815253F5D004817F1 /* ButtonField.m in Sources */,
				A43AFD2B15253F98004817F1 /* AttachmentUploadField.m in Sources */,
				A49CFB07152E90020023ECBD /* FlowPathViewController.m in Sources */,
				A49CFB0A152EBEFD0023ECBD /* DetailFlowUsersViewController.m in Sources */,
				A49CFB0D15306B9B0023ECBD /* CheckboxField.m in Sources */,
				A4720F17159032A9007A8EF0 /* UIView+findFirstResponser.m in Sources */,
			);
			runOnlyForDeploymentPostprocessing = 0;
		};
/* End PBXSourcesBuildPhase section */

/* Begin XCBuildConfiguration section */
		A4D1290015180E5800A5AC80 /* Debug */ = {
			isa = XCBuildConfiguration;
			buildSettings = {
				ALWAYS_SEARCH_USER_PATHS = NO;
				CLANG_ENABLE_OBJC_ARC = YES;
				CODE_SIGN_IDENTITY = "";
				"CODE_SIGN_IDENTITY[sdk=iphoneos*]" = "iPhone Developer";
				COPY_PHASE_STRIP = NO;
				GCC_C_LANGUAGE_STANDARD = gnu99;
				GCC_DYNAMIC_NO_PIC = NO;
				GCC_OPTIMIZATION_LEVEL = 0;
				GCC_PREPROCESSOR_DEFINITIONS = (
					"DEBUG=1",
					"$(inherited)",
				);
				GCC_SYMBOLS_PRIVATE_EXTERN = NO;
				GCC_THUMB_SUPPORT = NO;
				GCC_WARN_ABOUT_RETURN_TYPE = YES;
				GCC_WARN_UNDECLARED_SELECTOR = NO;
				GCC_WARN_UNINITIALIZED_AUTOS = YES;
				GCC_WARN_UNUSED_VARIABLE = YES;
				IPHONEOS_DEPLOYMENT_TARGET = 4.3;
				OTHER_CFLAGS = "-DDEBUG";
				"PROVISIONING_PROFILE[sdk=iphoneos*]" = "";
				SDKROOT = iphoneos;
			};
			name = Debug;
		};
		A4D1290115180E5800A5AC80 /* Release */ = {
			isa = XCBuildConfiguration;
			buildSettings = {
				ALWAYS_SEARCH_USER_PATHS = NO;
				CLANG_ENABLE_OBJC_ARC = YES;
				CODE_SIGN_IDENTITY = "";
				"CODE_SIGN_IDENTITY[sdk=iphoneos*]" = "iPhone Developer";
				COPY_PHASE_STRIP = YES;
				GCC_C_LANGUAGE_STANDARD = gnu99;
				GCC_THUMB_SUPPORT = NO;
				GCC_WARN_ABOUT_RETURN_TYPE = YES;
				GCC_WARN_UNDECLARED_SELECTOR = NO;
				GCC_WARN_UNINITIALIZED_AUTOS = YES;
				GCC_WARN_UNUSED_VARIABLE = YES;
				IPHONEOS_DEPLOYMENT_TARGET = 4.3;
				OTHER_CFLAGS = "-DNS_BLOCK_ASSERTIONS=1";
				"PROVISIONING_PROFILE[sdk=iphoneos*]" = "";
				SDKROOT = iphoneos;
			};
			name = Release;
		};
		A4D1290315180E5800A5AC80 /* Debug */ = {
			isa = XCBuildConfiguration;
			buildSettings = {
				GCC_PRECOMPILE_PREFIX_HEADER = YES;
				GCC_PREFIX_HEADER = "Hades/Hades-Prefix.pch";
				GCC_THUMB_SUPPORT = NO;
				INFOPLIST_FILE = "Hades/Hades-Info.plist";
				OTHER_LDFLAGS = "";
				PRODUCT_NAME = "$(TARGET_NAME)";
				WRAPPER_EXTENSION = app;
			};
			name = Debug;
		};
		A4D1290415180E5800A5AC80 /* Release */ = {
			isa = XCBuildConfiguration;
			buildSettings = {
				GCC_PRECOMPILE_PREFIX_HEADER = YES;
				GCC_PREFIX_HEADER = "Hades/Hades-Prefix.pch";
				GCC_THUMB_SUPPORT = NO;
				INFOPLIST_FILE = "Hades/Hades-Info.plist";
				OTHER_LDFLAGS = "";
				PRODUCT_NAME = "$(TARGET_NAME)";
				WRAPPER_EXTENSION = app;
			};
			name = Release;
		};
		A4EBEF351548E861006E94E4 /* Dist */ = {
			isa = XCBuildConfiguration;
			buildSettings = {
				ALWAYS_SEARCH_USER_PATHS = NO;
				CLANG_ENABLE_OBJC_ARC = YES;
				CODE_SIGN_IDENTITY = "";
				"CODE_SIGN_IDENTITY[sdk=iphoneos*]" = "iPhone Distribution";
				COPY_PHASE_STRIP = YES;
				GCC_C_LANGUAGE_STANDARD = gnu99;
				GCC_THUMB_SUPPORT = NO;
				GCC_WARN_ABOUT_RETURN_TYPE = YES;
				GCC_WARN_UNDECLARED_SELECTOR = NO;
				GCC_WARN_UNINITIALIZED_AUTOS = YES;
				GCC_WARN_UNUSED_VARIABLE = YES;
				IPHONEOS_DEPLOYMENT_TARGET = 4.3;
				OTHER_CFLAGS = "-DNS_BLOCK_ASSERTIONS=1";
				"PROVISIONING_PROFILE[sdk=iphoneos*]" = "";
				SDKROOT = iphoneos;
			};
			name = Dist;
		};
		A4EBEF361548E861006E94E4 /* Dist */ = {
			isa = XCBuildConfiguration;
			buildSettings = {
				GCC_PRECOMPILE_PREFIX_HEADER = YES;
				GCC_PREFIX_HEADER = "Hades/Hades-Prefix.pch";
				GCC_THUMB_SUPPORT = NO;
				INFOPLIST_FILE = "Hades/Hades-Info.plist";
				OTHER_LDFLAGS = "";
				PRODUCT_NAME = "$(TARGET_NAME)";
				WRAPPER_EXTENSION = app;
			};
			name = Dist;
		};
/* End XCBuildConfiguration section */

/* Begin XCConfigurationList section */
		A4D128E415180E5800A5AC80 /* Build configuration list for PBXProject "Hades" */ = {
			isa = XCConfigurationList;
			buildConfigurations = (
				A4D1290015180E5800A5AC80 /* Debug */,
				A4D1290115180E5800A5AC80 /* Release */,
				A4EBEF351548E861006E94E4 /* Dist */,
			);
			defaultConfigurationIsVisible = 0;
			defaultConfigurationName = Release;
		};
		A4D1290215180E5800A5AC80 /* Build configuration list for PBXNativeTarget "Hades" */ = {
			isa = XCConfigurationList;
			buildConfigurations = (
				A4D1290315180E5800A5AC80 /* Debug */,
				A4D1290415180E5800A5AC80 /* Release */,
				A4EBEF361548E861006E94E4 /* Dist */,
			);
			defaultConfigurationIsVisible = 0;
			defaultConfigurationName = Release;
		};
/* End XCConfigurationList section */
	};
	rootObject = A4D128E115180E5800A5AC80 /* Project object */;
}
